<?xml version="1.0" encoding="utf-8"?>
<Project ToolsVersion="4.0" xmlns="http://schemas.microsoft.com/developer/msbuild/2003">
  <ItemGroup>
    <Filter Include="Source Files">
      <UniqueIdentifier>{4FC737F1-C7A5-4376-A066-2A32D752A2FF}</UniqueIdentifier>
      <Extensions>cpp;c;cc;cxx;def;odl;idl;hpj;bat;asm;asmx</Extensions>
    </Filter>
    <Filter Include="Header Files">
      <UniqueIdentifier>{93995380-89BD-4b04-88EB-625FBE52EBFB}</UniqueIdentifier>
      <Extensions>h;hh;hpp;hxx;hm;inl;inc;xsd</Extensions>
    </Filter>
    <Filter Include="Resource Files">
      <UniqueIdentifier>{67DA6AB6-F800-4c08-8B7A-83BB121AAD01}</UniqueIdentifier>
      <Extensions>rc;ico;cur;bmp;dlg;rc2;rct;bin;rgs;gif;jpg;jpeg;jpe;resx;tiff;tif;png;wav;mfcribbon-ms</Extensions>
    </Filter>
    <Filter Include="Header Files\UI">
      <UniqueIdentifier>{ae6e0dae-447a-4add-bd14-4de72e233047}</UniqueIdentifier>
    </Filter>
    <Filter Include="Header Files\DAEMON">
      <UniqueIdentifier>{56c759dd-f5d3-432c-ba10-7d1250fb8d46}</UniqueIdentifier>
    </Filter>
    <Filter Include="Header Files\COM">
      <UniqueIdentifier>{7ab1993a-7ae7-4a5e-8554-372bb10ead8c}</UniqueIdentifier>
    </Filter>
    <Filter Include="Header Files\WIM">
      <UniqueIdentifier>{c51692dc-57e5-4bf5-8e1b-30fad0e58f61}</UniqueIdentifier>
    </Filter>
    <Filter Include="Source Files\UI">
      <UniqueIdentifier>{43b40ff0-81ce-410a-91b3-9747cd45ec69}</UniqueIdentifier>
    </Filter>
    <Filter Include="Source Files\DAEMON">
      <UniqueIdentifier>{f6f13b18-b299-4ff2-b015-12bd333015f8}</UniqueIdentifier>
    </Filter>
    <Filter Include="Source Files\WIM">
      <UniqueIdentifier>{db141dbd-2fb5-4600-9281-c41630cc89ea}</UniqueIdentifier>
    </Filter>
    <Filter Include="Header Files\UI\Base">
      <UniqueIdentifier>{527a5285-d83d-437e-8f65-b0e8274daae5}</UniqueIdentifier>
    </Filter>
    <Filter Include="Source Files\UI\Base">
      <UniqueIdentifier>{dd81b7e7-704b-4e4b-9137-01086192f5eb}</UniqueIdentifier>
    </Filter>
    <Filter Include="Header Files\UI\HTMLUI">
      <UniqueIdentifier>{e4ab9bcf-2342-4b8d-a007-6b3fe7b2c763}</UniqueIdentifier>
    </Filter>
    <Filter Include="Source Files\UI\HTMLUI">
      <UniqueIdentifier>{8919ab7d-5386-4df5-a28f-1be8bd6c19d5}</UniqueIdentifier>
    </Filter>
  </ItemGroup>
  <ItemGroup>
    <Text Include="ReadMe.txt" />
  </ItemGroup>
  <ItemGroup>
    <ClInclude Include="stdafx.h">
      <Filter>Header Files</Filter>
    </ClInclude>
    <ClInclude Include="targetver.h">
      <Filter>Header Files</Filter>
    </ClInclude>
    <ClInclude Include="Resource.h">
      <Filter>Header Files</Filter>
    </ClInclude>
    <ClInclude Include="ZRecovery.h">
      <Filter>Header Files</Filter>
    </ClInclude>
    <ClInclude Include="Debug.h">
      <Filter>Header Files</Filter>
    </ClInclude>
    <ClInclude Include="COM_Proxy.h">
      <Filter>Header Files\COM</Filter>
    </ClInclude>
    <ClInclude Include="COM_Daemon.h">
      <Filter>Header Files\DAEMON</Filter>
    </ClInclude>
    <ClInclude Include="CommonControl_Daemon.h">
      <Filter>Header Files\DAEMON</Filter>
    </ClInclude>
    <ClInclude Include="Button.h">
      <Filter>Header Files\UI</Filter>
    </ClInclude>
    <ClInclude Include="SolidWindow.h">
      <Filter>Header Files\UI</Filter>
    </ClInclude>
    <ClInclude Include="WIM.h">
      <Filter>Header Files\WIM</Filter>
    </ClInclude>
    <ClInclude Include="load_resource.h">
      <Filter>Header Files</Filter>
    </ClInclude>
    <ClInclude Include="Label.h">
      <Filter>Header Files\UI</Filter>
    </ClInclude>
    <ClInclude Include="UI.h">
      <Filter>Header Files\UI</Filter>
    </ClInclude>
    <ClInclude Include="Font.h">
      <Filter>Header Files\UI</Filter>
    </ClInclude>
    <ClInclude Include="Tab.h">
      <Filter>Header Files\UI</Filter>
    </ClInclude>
    <ClInclude Include="TextBox.h">
      <Filter>Header Files\UI</Filter>
    </ClInclude>
    <ClInclude Include="ControlBase.h">
      <Filter>Header Files\UI\Base</Filter>
    </ClInclude>
    <ClInclude Include="WindowBase.h">
      <Filter>Header Files\UI\Base</Filter>
    </ClInclude>
    <ClInclude Include="UIBase.h">
      <Filter>Header Files\UI\Base</Filter>
    </ClInclude>
    <ClInclude Include="TreeView.h">
      <Filter>Header Files\UI</Filter>
    </ClInclude>
    <ClInclude Include="ListView.h">
      <Filter>Header Files\UI</Filter>
    </ClInclude>
    <ClInclude Include="Canvas.h">
      <Filter>Header Files\UI</Filter>
    </ClInclude>
    <ClInclude Include="HTMLtoUI_Daemon.h">
      <Filter>Header Files\DAEMON</Filter>
    </ClInclude>
    <ClInclude Include="HTMLUI.h">
      <Filter>Header Files\UI\HTMLUI</Filter>
    </ClInclude>
    <ClInclude Include="string_man.h">
      <Filter>Header Files</Filter>
    </ClInclude>
    <ClInclude Include="UIDemo.h">
      <Filter>Header Files\UI</Filter>
    </ClInclude>
  </ItemGroup>
  <ItemGroup>
    <ClCompile Include="stdafx.cpp">
      <Filter>Source Files</Filter>
    </ClCompile>
    <ClCompile Include="ZRecovery.cpp">
      <Filter>Source Files</Filter>
    </ClCompile>
    <ClCompile Include="SolidWindow.cpp">
      <Filter>Source Files\UI</Filter>
    </ClCompile>
    <ClCompile Include="COM_Daemon.cpp">
      <Filter>Source Files\DAEMON</Filter>
    </ClCompile>
    <ClCompile Include="CommonControl_Daemon.cpp">
      <Filter>Source Files\DAEMON</Filter>
    </ClCompile>
    <ClCompile Include="WIM.cpp">
      <Filter>Source Files\WIM</Filter>
    </ClCompile>
    <ClCompile Include="load_resource.cpp">
      <Filter>Source Files</Filter>
    </ClCompile>
    <ClCompile Include="Font.cpp">
      <Filter>Source Files\UI</Filter>
    </ClCompile>
    <ClCompile Include="Tab.cpp">
      <Filter>Source Files\UI</Filter>
    </ClCompile>
    <ClCompile Include="UIBase.cpp">
      <Filter>Source Files\UI\Base</Filter>
    </ClCompile>
    <ClCompile Include="ListView.cpp">
      <Filter>Source Files\UI</Filter>
    </ClCompile>
    <ClCompile Include="Canvas.cpp">
      <Filter>Source Files\UI</Filter>
    </ClCompile>
    <ClCompile Include="HTMLtoUI_Daemon.cpp">
      <Filter>Source Files\DAEMON</Filter>
    </ClCompile>
    <ClCompile Include="HTMLUI.cpp">
      <Filter>Source Files\UI\HTMLUI</Filter>
    </ClCompile>
    <ClCompile Include="Button.cpp">
      <Filter>Source Files\UI</Filter>
    </ClCompile>
    <ClCompile Include="Label.cpp">
      <Filter>Source Files\UI</Filter>
    </ClCompile>
    <ClCompile Include="TextBox.cpp">
      <Filter>Source Files</Filter>
    </ClCompile>
    <ClCompile Include="UIDemo.cpp">
      <Filter>Source Files\UI</Filter>
    </ClCompile>
  </ItemGroup>
  <ItemGroup>
    <ResourceCompile Include="ZRecovery.rc">
      <Filter>Resource Files</Filter>
    </ResourceCompile>
  </ItemGroup>
  <ItemGroup>
    <Image Include="small.ico">
      <Filter>Resource Files</Filter>
    </Image>
    <Image Include="ZRecovery.ico">
      <Filter>Resource Files</Filter>
    </Image>
  </ItemGroup>
  <ItemGroup>
    <None Include="index.html">
      <Filter>Resource Files</Filter>
    </None>
  </ItemGroup>
</Project>